// !$*UTF8*$!
{
	archiveVersion = 1;
	classes = {
	};
	objectVersion = 52;
	objects = {

/* Begin PBXBuildFile section */
		2325D89B21DC40BE00622864 /* CustomColorPickers.swift in Sources */ = {isa = PBXBuildFile; fileRef = 2325D89A21DC40BE00622864 /* CustomColorPickers.swift */; };
		2361559321DB404E008ABF4E /* AppDelegate.swift in Sources */ = {isa = PBXBuildFile; fileRef = 2361559221DB404E008ABF4E /* AppDelegate.swift */; };
		2361559521DB404F008ABF4E /* Assets.xcassets in Resources */ = {isa = PBXBuildFile; fileRef = 2361559421DB404F008ABF4E /* Assets.xcassets */; };
		2361559821DB404F008ABF4E /* MainMenu.xib in Resources */ = {isa = PBXBuildFile; fileRef = 2361559621DB404F008ABF4E /* MainMenu.xib */; };
		23C4CEEE24D3BA0E0030C8DC /* DSFColorPicker in Frameworks */ = {isa = PBXBuildFile; productRef = 23C4CEED24D3BA0E0030C8DC /* DSFColorPicker */; };
/* End PBXBuildFile section */

/* Begin PBXCopyFilesBuildPhase section */
		23B84A7521DCB23E00289400 /* CopyFiles */ = {
			isa = PBXCopyFilesBuildPhase;
			buildActionMask = 2147483647;
			dstPath = "";
			dstSubfolderSpec = 10;
			files = (
			);
			runOnlyForDeploymentPostprocessing = 0;
		};
/* End PBXCopyFilesBuildPhase section */

/* Begin PBXFileReference section */
		2325D89A21DC40BE00622864 /* CustomColorPickers.swift */ = {isa = PBXFileReference; lastKnownFileType = sourcecode.swift; path = CustomColorPickers.swift; sourceTree = "<group>"; };
		2361559021DB404E008ABF4E /* DSFColorPickerDemo.app */ = {isa = PBXFileReference; explicitFileType = wrapper.application; includeInIndex = 0; path = DSFColorPickerDemo.app; sourceTree = BUILT_PRODUCTS_DIR; };
		2361559221DB404E008ABF4E /* AppDelegate.swift */ = {isa = PBXFileReference; lastKnownFileType = sourcecode.swift; path = AppDelegate.swift; sourceTree = "<group>"; };
		2361559421DB404F008ABF4E /* Assets.xcassets */ = {isa = PBXFileReference; lastKnownFileType = folder.assetcatalog; path = Assets.xcassets; sourceTree = "<group>"; };
		2361559721DB404F008ABF4E /* Base */ = {isa = PBXFileReference; lastKnownFileType = file.xib; name = Base; path = Base.lproj/MainMenu.xib; sourceTree = "<group>"; };
		2361559921DB404F008ABF4E /* Info.plist */ = {isa = PBXFileReference; lastKnownFileType = text.plist.xml; path = Info.plist; sourceTree = "<group>"; };
		23C4CEF124D3BACA0030C8DC /* DSFColorPickerDemo.entitlements */ = {isa = PBXFileReference; fileEncoding = 4; lastKnownFileType = text.plist.entitlements; path = DSFColorPickerDemo.entitlements; sourceTree = "<group>"; };
/* End PBXFileReference section */

/* Begin PBXFrameworksBuildPhase section */
		2361558D21DB404E008ABF4E /* Frameworks */ = {
			isa = PBXFrameworksBuildPhase;
			buildActionMask = 2147483647;
			files = (
				23C4CEEE24D3BA0E0030C8DC /* DSFColorPicker in Frameworks */,
			);
			runOnlyForDeploymentPostprocessing = 0;
		};
/* End PBXFrameworksBuildPhase section */

/* Begin PBXGroup section */
		2361557521DB3FF4008ABF4E = {
			isa = PBXGroup;
			children = (
				2361559121DB404E008ABF4E /* DSFColorPickerDemo */,
				2361558021DB3FF4008ABF4E /* Products */,
				2361559E21DB405D008ABF4E /* Frameworks */,
			);
			sourceTree = "<group>";
		};
		2361558021DB3FF4008ABF4E /* Products */ = {
			isa = PBXGroup;
			children = (
				2361559021DB404E008ABF4E /* DSFColorPickerDemo.app */,
			);
			name = Products;
			sourceTree = "<group>";
		};
		2361559121DB404E008ABF4E /* DSFColorPickerDemo */ = {
			isa = PBXGroup;
			children = (
				2361559221DB404E008ABF4E /* AppDelegate.swift */,
				2325D89A21DC40BE00622864 /* CustomColorPickers.swift */,
				2361559421DB404F008ABF4E /* Assets.xcassets */,
				2361559621DB404F008ABF4E /* MainMenu.xib */,
				2361559921DB404F008ABF4E /* Info.plist */,
				23C4CEF124D3BACA0030C8DC /* DSFColorPickerDemo.entitlements */,
			);
			path = DSFColorPickerDemo;
			sourceTree = "<group>";
		};
		2361559E21DB405D008ABF4E /* Frameworks */ = {
			isa = PBXGroup;
			children = (
			);
			name = Frameworks;
			sourceTree = "<group>";
		};
/* End PBXGroup section */

/* Begin PBXNativeTarget section */
		2361558F21DB404E008ABF4E /* DSFColorPickerDemo */ = {
			isa = PBXNativeTarget;
			buildConfigurationList = 2361559B21DB404F008ABF4E /* Build configuration list for PBXNativeTarget "DSFColorPickerDemo" */;
			buildPhases = (
				2361558C21DB404E008ABF4E /* Sources */,
				2361558D21DB404E008ABF4E /* Frameworks */,
				2361558E21DB404E008ABF4E /* Resources */,
				23B84A7521DCB23E00289400 /* CopyFiles */,
			);
			buildRules = (
			);
			dependencies = (
				23C4CEF024D3BA250030C8DC /* PBXTargetDependency */,
			);
			name = DSFColorPickerDemo;
			packageProductDependencies = (
				23C4CEED24D3BA0E0030C8DC /* DSFColorPicker */,
			);
			productName = DSFColorPickerDemo;
			productReference = 2361559021DB404E008ABF4E /* DSFColorPickerDemo.app */;
			productType = "com.apple.product-type.application";
		};
/* End PBXNativeTarget section */

/* Begin PBXProject section */
		2361557621DB3FF4008ABF4E /* Project object */ = {
			isa = PBXProject;
			attributes = {
				LastSwiftUpdateCheck = 1010;
				LastUpgradeCheck = 1010;
				ORGANIZATIONNAME = "Darren Ford";
				TargetAttributes = {
					2361558F21DB404E008ABF4E = {
						CreatedOnToolsVersion = 10.1;
					};
				};
			};
			buildConfigurationList = 2361557921DB3FF4008ABF4E /* Build configuration list for PBXProject "DSFColorPicker" */;
			compatibilityVersion = "Xcode 9.3";
			developmentRegion = en;
			hasScannedForEncodings = 0;
			knownRegions = (
				en,
				Base,
			);
			mainGroup = 2361557521DB3FF4008ABF4E;
			packageReferences = (
				23C4CEEC24D3BA0E0030C8DC /* XCRemoteSwiftPackageReference "DSFColorPicker" */,
			);
			productRefGroup = 2361558021DB3FF4008ABF4E /* Products */;
			projectDirPath = "";
			projectRoot = "";
			targets = (
				2361558F21DB404E008ABF4E /* DSFColorPickerDemo */,
			);
		};
/* End PBXProject section */

/* Begin PBXResourcesBuildPhase section */
		2361558E21DB404E008ABF4E /* Resources */ = {
			isa = PBXResourcesBuildPhase;
			buildActionMask = 2147483647;
			files = (
				2361559521DB404F008ABF4E /* Assets.xcassets in Resources */,
				2361559821DB404F008ABF4E /* MainMenu.xib in Resources */,
			);
			runOnlyForDeploymentPostprocessing = 0;
		};
/* End PBXResourcesBuildPhase section */

/* Begin PBXSourcesBuildPhase section */
		2361558C21DB404E008ABF4E /* Sources */ = {
			isa = PBXSourcesBuildPhase;
			buildActionMask = 2147483647;
			files = (
				2325D89B21DC40BE00622864 /* CustomColorPickers.swift in Sources */,
				2361559321DB404E008ABF4E /* AppDelegate.swift in Sources */,
			);
			runOnlyForDeploymentPostprocessing = 0;
		};
/* End PBXSourcesBuildPhase section */

/* Begin PBXTargetDependency section */
		23C4CEF024D3BA250030C8DC /* PBXTargetDependency */ = {
			isa = PBXTargetDependency;
			productRef = 23C4CEEF24D3BA250030C8DC /* DSFColorPicker */;
		};
/* End PBXTargetDependency section */

/* Begin PBXVariantGroup section */
		2361559621DB404F008ABF4E /* MainMenu.xib */ = {
			isa = PBXVariantGroup;
			children = (
				2361559721DB404F008ABF4E /* Base */,
			);
			name = MainMenu.xib;
			sourceTree = "<group>";
		};
/* End PBXVariantGroup section */

/* Begin XCBuildConfiguration section */
		2361558521DB3FF4008ABF4E /* Debug */ = {
			isa = XCBuildConfiguration;
			buildSettings = {
				ALWAYS_SEARCH_USER_PATHS = NO;
				CLANG_ANALYZER_NONNULL = YES;
				CLANG_ANALYZER_NUMBER_OBJECT_CONVERSION = YES_AGGRESSIVE;
				CLANG_CXX_LANGUAGE_STANDARD = "gnu++14";
				CLANG_CXX_LIBRARY = "libc++";
				CLANG_ENABLE_MODULES = YES;
				CLANG_ENABLE_OBJC_ARC = YES;
				CLANG_ENABLE_OBJC_WEAK = YES;
				CLANG_WARN_BLOCK_CAPTURE_AUTORELEASING = YES;
				CLANG_WARN_BOOL_CONVERSION = YES;
				CLANG_WARN_COMMA = YES;
				CLANG_WARN_CONSTANT_CONVERSION = YES;
				CLANG_WARN_DEPRECATED_OBJC_IMPLEMENTATIONS = YES;
				CLANG_WARN_DIRECT_OBJC_ISA_USAGE = YES_ERROR;
				CLANG_WARN_DOCUMENTATION_COMMENTS = YES;
				CLANG_WARN_EMPTY_BODY = YES;
				CLANG_WARN_ENUM_CONVERSION = YES;
				CLANG_WARN_INFINITE_RECURSION = YES;
				CLANG_WARN_INT_CONVERSION = YES;
				CLANG_WARN_NON_LITERAL_NULL_CONVERSION = YES;
				CLANG_WARN_OBJC_IMPLICIT_RETAIN_SELF = YES;
				CLANG_WARN_OBJC_LITERAL_CONVERSION = YES;
				CLANG_WARN_OBJC_ROOT_CLASS = YES_ERROR;
				CLANG_WARN_RANGE_LOOP_ANALYSIS = YES;
				CLANG_WARN_STRICT_PROTOTYPES = YES;
				CLANG_WARN_SUSPICIOUS_MOVE = YES;
				CLANG_WARN_UNGUARDED_AVAILABILITY = YES_AGGRESSIVE;
				CLANG_WARN_UNREACHABLE_CODE = YES;
				CLANG_WARN__DUPLICATE_METHOD_MATCH = YES;
				CODE_SIGN_IDENTITY = "Mac Developer";
				COPY_PHASE_STRIP = NO;
				CURRENT_PROJECT_VERSION = 1;
				DEBUG_INFORMATION_FORMAT = dwarf;
				ENABLE_STRICT_OBJC_MSGSEND = YES;
				ENABLE_TESTABILITY = YES;
				GCC_C_LANGUAGE_STANDARD = gnu11;
				GCC_DYNAMIC_NO_PIC = NO;
				GCC_NO_COMMON_BLOCKS = YES;
				GCC_OPTIMIZATION_LEVEL = 0;
				GCC_PREPROCESSOR_DEFINITIONS = (
					"DEBUG=1",
					"$(inherited)",
				);
				GCC_WARN_64_TO_32_BIT_CONVERSION = YES;
				GCC_WARN_ABOUT_RETURN_TYPE = YES_ERROR;
				GCC_WARN_UNDECLARED_SELECTOR = YES;
				GCC_WARN_UNINITIALIZED_AUTOS = YES_AGGRESSIVE;
				GCC_WARN_UNUSED_FUNCTION = YES;
				GCC_WARN_UNUSED_VARIABLE = YES;
				MACOSX_DEPLOYMENT_TARGET = 10.14;
				MTL_ENABLE_DEBUG_INFO = INCLUDE_SOURCE;
				MTL_FAST_MATH = YES;
				ONLY_ACTIVE_ARCH = YES;
				SDKROOT = macosx;
				SWIFT_ACTIVE_COMPILATION_CONDITIONS = DEBUG;
				SWIFT_OPTIMIZATION_LEVEL = "-Onone";
				VERSIONING_SYSTEM = "apple-generic";
				VERSION_INFO_PREFIX = "";
			};
			name = Debug;
		};
		2361558621DB3FF4008ABF4E /* Release */ = {
			isa = XCBuildConfiguration;
			buildSettings = {
				ALWAYS_SEARCH_USER_PATHS = NO;
				CLANG_ANALYZER_NONNULL = YES;
				CLANG_ANALYZER_NUMBER_OBJECT_CONVERSION = YES_AGGRESSIVE;
				CLANG_CXX_LANGUAGE_STANDARD = "gnu++14";
				CLANG_CXX_LIBRARY = "libc++";
				CLANG_ENABLE_MODULES = YES;
				CLANG_ENABLE_OBJC_ARC = YES;
				CLANG_ENABLE_OBJC_WEAK = YES;
				CLANG_WARN_BLOCK_CAPTURE_AUTORELEASING = YES;
				CLANG_WARN_BOOL_CONVERSION = YES;
				CLANG_WARN_COMMA = YES;
				CLANG_WARN_CONSTANT_CONVERSION = YES;
				CLANG_WARN_DEPRECATED_OBJC_IMPLEMENTATIONS = YES;
				CLANG_WARN_DIRECT_OBJC_ISA_USAGE = YES_ERROR;
				CLANG_WARN_DOCUMENTATION_COMMENTS = YES;
				CLANG_WARN_EMPTY_BODY = YES;
				CLANG_WARN_ENUM_CONVERSION = YES;
				CLANG_WARN_INFINITE_RECURSION = YES;
				CLANG_WARN_INT_CONVERSION = YES;
				CLANG_WARN_NON_LITERAL_NULL_CONVERSION = YES;
				CLANG_WARN_OBJC_IMPLICIT_RETAIN_SELF = YES;
				CLANG_WARN_OBJC_LITERAL_CONVERSION = YES;
				CLANG_WARN_OBJC_ROOT_CLASS = YES_ERROR;
				CLANG_WARN_RANGE_LOOP_ANALYSIS = YES;
				CLANG_WARN_STRICT_PROTOTYPES = YES;
				CLANG_WARN_SUSPICIOUS_MOVE = YES;
				CLANG_WARN_UNGUARDED_AVAILABILITY = YES_AGGRESSIVE;
				CLANG_WARN_UNREACHABLE_CODE = YES;
				CLANG_WARN__DUPLICATE_METHOD_MATCH = YES;
				CODE_SIGN_IDENTITY = "Mac Developer";
				COPY_PHASE_STRIP = NO;
				CURRENT_PROJECT_VERSION = 1;
				DEBUG_INFORMATION_FORMAT = "dwarf-with-dsym";
				ENABLE_NS_ASSERTIONS = NO;
				ENABLE_STRICT_OBJC_MSGSEND = YES;
				GCC_C_LANGUAGE_STANDARD = gnu11;
				GCC_NO_COMMON_BLOCKS = YES;
				GCC_WARN_64_TO_32_BIT_CONVERSION = YES;
				GCC_WARN_ABOUT_RETURN_TYPE = YES_ERROR;
				GCC_WARN_UNDECLARED_SELECTOR = YES;
				GCC_WARN_UNINITIALIZED_AUTOS = YES_AGGRESSIVE;
				GCC_WARN_UNUSED_FUNCTION = YES;
				GCC_WARN_UNUSED_VARIABLE = YES;
				MACOSX_DEPLOYMENT_TARGET = 10.14;
				MTL_ENABLE_DEBUG_INFO = NO;
				MTL_FAST_MATH = YES;
				SDKROOT = macosx;
				SWIFT_COMPILATION_MODE = wholemodule;
				SWIFT_OPTIMIZATION_LEVEL = "-O";
				VERSIONING_SYSTEM = "apple-generic";
				VERSION_INFO_PREFIX = "";
			};
			name = Release;
		};
		2361559C21DB404F008ABF4E /* Debug */ = {
			isa = XCBuildConfiguration;
			buildSettings = {
				ASSETCATALOG_COMPILER_APPICON_NAME = AppIcon;
				CODE_SIGN_ENTITLEMENTS = DSFColorPickerDemo/DSFColorPickerDemo.entitlements;
				CODE_SIGN_STYLE = Automatic;
				COMBINE_HIDPI_IMAGES = YES;
				DEVELOPMENT_TEAM = 3L6RK3LGGW;
				INFOPLIST_FILE = DSFColorPickerDemo/Info.plist;
				LD_RUNPATH_SEARCH_PATHS = (
					"$(inherited)",
					"@executable_path/../Frameworks",
				);
				MACOSX_DEPLOYMENT_TARGET = 10.12;
				PRODUCT_BUNDLE_IDENTIFIER = com.darrenford.DSFColorPickerDemo;
				PRODUCT_NAME = "$(TARGET_NAME)";
				SWIFT_VERSION = 4.2;
			};
			name = Debug;
		};
		2361559D21DB404F008ABF4E /* Release */ = {
			isa = XCBuildConfiguration;
			buildSettings = {
				ASSETCATALOG_COMPILER_APPICON_NAME = AppIcon;
				CODE_SIGN_ENTITLEMENTS = DSFColorPickerDemo/DSFColorPickerDemo.entitlements;
				CODE_SIGN_STYLE = Automatic;
				COMBINE_HIDPI_IMAGES = YES;
				DEVELOPMENT_TEAM = 3L6RK3LGGW;
				INFOPLIST_FILE = DSFColorPickerDemo/Info.plist;
				LD_RUNPATH_SEARCH_PATHS = (
					"$(inherited)",
					"@executable_path/../Frameworks",
				);
				MACOSX_DEPLOYMENT_TARGET = 10.12;
				PRODUCT_BUNDLE_IDENTIFIER = com.darrenford.DSFColorPickerDemo;
				PRODUCT_NAME = "$(TARGET_NAME)";
				SWIFT_VERSION = 4.2;
			};
			name = Release;
		};
/* End XCBuildConfiguration section */

/* Begin XCConfigurationList section */
		2361557921DB3FF4008ABF4E /* Build configuration list for PBXProject "DSFColorPicker" */ = {
			isa = XCConfigurationList;
			buildConfigurations = (
				2361558521DB3FF4008ABF4E /* Debug */,
				2361558621DB3FF4008ABF4E /* Release */,
			);
			defaultConfigurationIsVisible = 0;
			defaultConfigurationName = Release;
		};
		2361559B21DB404F008ABF4E /* Build configuration list for PBXNativeTarget "DSFColorPickerDemo" */ = {
			isa = XCConfigurationList;
			buildConfigurations = (
				2361559C21DB404F008ABF4E /* Debug */,
				2361559D21DB404F008ABF4E /* Release */,
			);
			defaultConfigurationIsVisible = 0;
			defaultConfigurationName = Release;
		};
/* End XCConfigurationList section */

/* Begin XCRemoteSwiftPackageReference section */
		23C4CEEC24D3BA0E0030C8DC /* XCRemoteSwiftPackageReference "DSFColorPicker" */ = {
			isa = XCRemoteSwiftPackageReference;
			repositoryURL = "https://github.com/dagronf/DSFColorPicker";
			requirement = {
				branch = master;
				kind = branch;
			};
		};
/* End XCRemoteSwiftPackageReference section */

/* Begin XCSwiftPackageProductDependency section */
		23C4CEED24D3BA0E0030C8DC /* DSFColorPicker */ = {
			isa = XCSwiftPackageProductDependency;
			package = 23C4CEEC24D3BA0E0030C8DC /* XCRemoteSwiftPackageReference "DSFColorPicker" */;
			productName = DSFColorPicker;
		};
		23C4CEEF24D3BA250030C8DC /* DSFColorPicker */ = {
			isa = XCSwiftPackageProductDependency;
			package = 23C4CEEC24D3BA0E0030C8DC /* XCRemoteSwiftPackageReference "DSFColorPicker" */;
			productName = DSFColorPicker;
		};
/* End XCSwiftPackageProductDependency section */
	};
	rootObject = 2361557621DB3FF4008ABF4E /* Project object */;
}
